
Microsoft Visual Studio Solution File, Format Version 12.00
# Visual Studio 15
VisualStudioVersion = 15.0.27428.1
MinimumVisualStudioVersion = 10.0.40219.1
Project("{FAE04EC0-301F-11D3-BF4B-00C04F79EFBC}") = "HYDataMigrate", "HYDataMigrate\HYDataMigrate.csproj", "{380CC84D-8A24-4A8B-8A0B-4C34B0D812B2}"
EndProject
Global
	GlobalSection(SolutionConfigurationPlatforms) = preSolution
		Debug|Any CPU = Debug|Any CPU
		Release|Any CPU = Release|Any CPU
	EndGlobalSection
	GlobalSection(ProjectConfigurationPlatforms) = postSolution
		{380CC84D-8A24-4A8B-8A0B-4C34B0D812B2}.Debug|Any CPU.ActiveCfg = Debug|Any CPU
		{380CC84D-8A24-4A8B-8A0B-4C34B0D812B2}.Debug|Any CPU.Build.0 = Debug|Any CPU
		{380CC84D-8A24-4A8B-8A0B-4C34B0D812B2}.Release|Any CPU.ActiveCfg = Release|Any CPU
		{380CC84D-8A24-4A8B-8A0B-4C34B0D812B2}.Release|Any CPU.Build.0 = Release|Any CPU
	EndGlobalSection
	GlobalSection(SolutionProperties) = preSolution
		HideSolutionNode = FALSE
	EndGlobalSection
	GlobalSection(ExtensibilityGlobals) = postSolution
		SolutionGuid = {8393F717-0CF3-491E-A7E4-860E7D4EB806}
	EndGlobalSection
EndGlobal
